<?xml version="1.0" encoding="utf-8"?>
<Project ToolsVersion="4.0" xmlns="http://schemas.microsoft.com/developer/msbuild/2003">
  <ItemGroup>
    <Filter Include="NTNEngine">
      <UniqueIdentifier>{AB18D412-1783-8889-60C1-392FCC6A66DE}</UniqueIdentifier>
    </Filter>
  </ItemGroup>
  <ItemGroup>
    <ClInclude Include="src\NTNEngine\Application.h">
      <Filter>NTNEngine</Filter>
    </ClInclude>
    <ClInclude Include="src\NTNEngine\Core.h">
      <Filter>NTNEngine</Filter>
    </ClInclude>
    <ClInclude Include="src\NTNEngine\EntryPoint.h">
      <Filter>NTNEngine</Filter>
    </ClInclude>
    <ClInclude Include="src\NTNEngine\Log.h">
      <Filter>NTNEngine</Filter>
    </ClInclude>
    <ClInclude Include="src\Ntn.h" />
  </ItemGroup>
  <ItemGroup>
    <ClCompile Include="src\NTNEngine\Application.cpp">
      <Filter>NTNEngine</Filter>
    </ClCompile>
  </ItemGroup>
</Project>