<?xml version="1.0" encoding="utf-8"?>
<Project ToolsVersion="4.0" xmlns="http://schemas.microsoft.com/developer/msbuild/2003">
  <ItemGroup>
    <Filter Include="NTNEngine">
      <UniqueIdentifier>{AB18D412-1783-8889-60C1-392FCC6A66DE}</UniqueIdentifier>
    </Filter>
    <Filter Include="NTNEngine\Events">
      <UniqueIdentifier>{2FF6B7E3-1BEF-D635-4421-BCBA3079B641}</UniqueIdentifier>
    </Filter>
    <Filter Include="NTNEngine\Platform">
      <UniqueIdentifier>{5F45ACCD-4B29-6D23-B489-6776A08C57A5}</UniqueIdentifier>
    </Filter>
    <Filter Include="NTNEngine\Platform\Windows">
      <UniqueIdentifier>{99DE5C04-85EE-08D5-EEA7-6DF3DAD6F76D}</UniqueIdentifier>
    </Filter>
  </ItemGroup>
  <ItemGroup>
    <ClInclude Include="src\NTNEngine\Application.h">
      <Filter>NTNEngine</Filter>
    </ClInclude>
    <ClInclude Include="src\NTNEngine\Core.h">
      <Filter>NTNEngine</Filter>
    </ClInclude>
    <ClInclude Include="src\NTNEngine\EntryPoint.h">
      <Filter>NTNEngine</Filter>
    </ClInclude>
    <ClInclude Include="src\NTNEngine\Events\ApplicationEvent.h">
      <Filter>NTNEngine\Events</Filter>
    </ClInclude>
    <ClInclude Include="src\NTNEngine\Events\EditorEvents.h">
      <Filter>NTNEngine\Events</Filter>
    </ClInclude>
    <ClInclude Include="src\NTNEngine\Events\Event.h">
      <Filter>NTNEngine\Events</Filter>
    </ClInclude>
    <ClInclude Include="src\NTNEngine\Events\KeyCodes.h">
      <Filter>NTNEngine\Events</Filter>
    </ClInclude>
    <ClInclude Include="src\NTNEngine\Events\KeyEvent.h">
      <Filter>NTNEngine\Events</Filter>
    </ClInclude>
    <ClInclude Include="src\NTNEngine\Events\MouseEvent.h">
      <Filter>NTNEngine\Events</Filter>
    </ClInclude>
    <ClInclude Include="src\NTNEngine\Log.h">
      <Filter>NTNEngine</Filter>
    </ClInclude>
    <ClInclude Include="src\NTNEngine\Platform\Windows\WindowsWindow.h">
      <Filter>NTNEngine\Platform\Windows</Filter>
    </ClInclude>
    <ClInclude Include="src\NTNEngine\Window.h">
      <Filter>NTNEngine</Filter>
    </ClInclude>
    <ClInclude Include="src\Ntn.h" />
    <ClInclude Include="src\pch.h" />
  </ItemGroup>
  <ItemGroup>
    <ClCompile Include="src\NTNEngine\Application.cpp">
      <Filter>NTNEngine</Filter>
    </ClCompile>
    <ClCompile Include="src\NTNEngine\Platform\Windows\WindowsWindow.cpp">
      <Filter>NTNEngine\Platform\Windows</Filter>
    </ClCompile>
    <ClCompile Include="src\pch.cpp" />
    <ClCompile Include="src\NTNEngine\Log.cpp">
      <Filter>NTNEngine</Filter>
    </ClCompile>
  </ItemGroup>
</Project>